
Microsoft Visual Studio Solution File, Format Version 12.00
# Visual Studio Version 16
VisualStudioVersion = 16.0.31205.134
MinimumVisualStudioVersion = 10.0.40219.1
Project("{9A19103F-16F7-4668-BE54-9A1E7A4F7556}") = "ConsoleApp1", "ConsoleApp1\ConsoleApp1.csproj", "{968013AF-2996-43BD-9D42-4CDD4EF5B2B5}"
EndProject
Project("{FAE04EC0-301F-11D3-BF4B-00C04F79EFBC}") = "CalculatorLibrary", "CalculatorLibrary\CalculatorLibrary.csproj", "{1C0E13B5-1AD1-40C0-955E-E29F9C01C1B8}"
EndProject
Global
	GlobalSection(SolutionConfigurationPlatforms) = preSolution
		Debug|Any CPU = Debug|Any CPU
		Release|Any CPU = Release|Any CPU
	EndGlobalSection
	GlobalSection(ProjectConfigurationPlatforms) = postSolution
		{968013AF-2996-43BD-9D42-4CDD4EF5B2B5}.Debug|Any CPU.ActiveCfg = Debug|Any CPU
		{968013AF-2996-43BD-9D42-4CDD4EF5B2B5}.Debug|Any CPU.Build.0 = Debug|Any CPU
		{968013AF-2996-43BD-9D42-4CDD4EF5B2B5}.Release|Any CPU.ActiveCfg = Release|Any CPU
		{968013AF-2996-43BD-9D42-4CDD4EF5B2B5}.Release|Any CPU.Build.0 = Release|Any CPU
		{1C0E13B5-1AD1-40C0-955E-E29F9C01C1B8}.Debug|Any CPU.ActiveCfg = Debug|Any CPU
		{1C0E13B5-1AD1-40C0-955E-E29F9C01C1B8}.Debug|Any CPU.Build.0 = Debug|Any CPU
		{1C0E13B5-1AD1-40C0-955E-E29F9C01C1B8}.Release|Any CPU.ActiveCfg = Release|Any CPU
		{1C0E13B5-1AD1-40C0-955E-E29F9C01C1B8}.Release|Any CPU.Build.0 = Release|Any CPU
	EndGlobalSection
	GlobalSection(SolutionProperties) = preSolution
		HideSolutionNode = FALSE
	EndGlobalSection
	GlobalSection(ExtensibilityGlobals) = postSolution
		SolutionGuid = {E37068FE-4F78-4B5E-98F0-9D386BE082DE}
	EndGlobalSection
EndGlobal
